
Microsoft Visual Studio Solution File, Format Version 12.00
# Visual Studio Version 16
VisualStudioVersion = 16.0.30907.101
MinimumVisualStudioVersion = 10.0.40219.1
Project("{9A19103F-16F7-4668-BE54-9A1E7A4F7556}") = "KampIntro", "KampIntro\KampIntro.csproj", "{AF59CD3F-E38E-44D4-BC66-F37D0683A304}"
EndProject
Project("{9A19103F-16F7-4668-BE54-9A1E7A4F7556}") = "Donguler", "Donguler\Donguler.csproj", "{91DBDBA0-BE0E-41D1-BE91-745B04887C70}"
EndProject
Project("{9A19103F-16F7-4668-BE54-9A1E7A4F7556}") = "ClassIntro", "ClassIntro\ClassIntro.csproj", "{7F9D7FEB-2A35-4241-A331-C1503DAAB601}"
EndProject
Project("{9A19103F-16F7-4668-BE54-9A1E7A4F7556}") = "Metotlar", "Metotlar\Metotlar.csproj", "{AB22180F-8FFF-4DB7-948B-95AB08853693}"
EndProject
Project("{9A19103F-16F7-4668-BE54-9A1E7A4F7556}") = "Matematik", "Matematik\Matematik.csproj", "{0A970A10-8369-4E65-ACFA-6DC0FACB3E64}"
EndProject
Project("{9A19103F-16F7-4668-BE54-9A1E7A4F7556}") = "DegerVeReferansTipler", "DegerVeReferansTipler\DegerVeReferansTipler.csproj", "{CA7B20D7-45ED-427A-B243-10A745525357}"
EndProject
Project("{9A19103F-16F7-4668-BE54-9A1E7A4F7556}") = "MetotExercise", "MetotExercise\MetotExercise.csproj", "{0B1F958C-3C97-42E6-AFD7-1A3AA8855641}"
EndProject
Project("{FAE04EC0-301F-11D3-BF4B-00C04F79EFBC}") = "OOP1", "OOP1\OOP1.csproj", "{4E1DA2BE-189A-4BEA-A566-2851C3EA5D0A}"
EndProject
Project("{FAE04EC0-301F-11D3-BF4B-00C04F79EFBC}") = "Koleksiyonlar", "Koleksiyonlar\Koleksiyonlar.csproj", "{078347D4-71EC-44D2-9C5E-F5EA77DEDE21}"
EndProject
Project("{FAE04EC0-301F-11D3-BF4B-00C04F79EFBC}") = "GenericsIntro", "GenericsIntro\GenericsIntro.csproj", "{909FB906-877C-4A05-BD26-585C744EEE24}"
EndProject
Global
	GlobalSection(SolutionConfigurationPlatforms) = preSolution
		Debug|Any CPU = Debug|Any CPU
		Release|Any CPU = Release|Any CPU
	EndGlobalSection
	GlobalSection(ProjectConfigurationPlatforms) = postSolution
		{AF59CD3F-E38E-44D4-BC66-F37D0683A304}.Debug|Any CPU.ActiveCfg = Debug|Any CPU
		{AF59CD3F-E38E-44D4-BC66-F37D0683A304}.Debug|Any CPU.Build.0 = Debug|Any CPU
		{AF59CD3F-E38E-44D4-BC66-F37D0683A304}.Release|Any CPU.ActiveCfg = Release|Any CPU
		{AF59CD3F-E38E-44D4-BC66-F37D0683A304}.Release|Any CPU.Build.0 = Release|Any CPU
		{91DBDBA0-BE0E-41D1-BE91-745B04887C70}.Debug|Any CPU.ActiveCfg = Debug|Any CPU
		{91DBDBA0-BE0E-41D1-BE91-745B04887C70}.Debug|Any CPU.Build.0 = Debug|Any CPU
		{91DBDBA0-BE0E-41D1-BE91-745B04887C70}.Release|Any CPU.ActiveCfg = Release|Any CPU
		{91DBDBA0-BE0E-41D1-BE91-745B04887C70}.Release|Any CPU.Build.0 = Release|Any CPU
		{7F9D7FEB-2A35-4241-A331-C1503DAAB601}.Debug|Any CPU.ActiveCfg = Debug|Any CPU
		{7F9D7FEB-2A35-4241-A331-C1503DAAB601}.Debug|Any CPU.Build.0 = Debug|Any CPU
		{7F9D7FEB-2A35-4241-A331-C1503DAAB601}.Release|Any CPU.ActiveCfg = Release|Any CPU
		{7F9D7FEB-2A35-4241-A331-C1503DAAB601}.Release|Any CPU.Build.0 = Release|Any CPU
		{AB22180F-8FFF-4DB7-948B-95AB08853693}.Debug|Any CPU.ActiveCfg = Debug|Any CPU
		{AB22180F-8FFF-4DB7-948B-95AB08853693}.Debug|Any CPU.Build.0 = Debug|Any CPU
		{AB22180F-8FFF-4DB7-948B-95AB08853693}.Release|Any CPU.ActiveCfg = Release|Any CPU
		{AB22180F-8FFF-4DB7-948B-95AB08853693}.Release|Any CPU.Build.0 = Release|Any CPU
		{0A970A10-8369-4E65-ACFA-6DC0FACB3E64}.Debug|Any CPU.ActiveCfg = Debug|Any CPU
		{0A970A10-8369-4E65-ACFA-6DC0FACB3E64}.Debug|Any CPU.Build.0 = Debug|Any CPU
		{0A970A10-8369-4E65-ACFA-6DC0FACB3E64}.Release|Any CPU.ActiveCfg = Release|Any CPU
		{0A970A10-8369-4E65-ACFA-6DC0FACB3E64}.Release|Any CPU.Build.0 = Release|Any CPU
		{CA7B20D7-45ED-427A-B243-10A745525357}.Debug|Any CPU.ActiveCfg = Debug|Any CPU
		{CA7B20D7-45ED-427A-B243-10A745525357}.Debug|Any CPU.Build.0 = Debug|Any CPU
		{CA7B20D7-45ED-427A-B243-10A745525357}.Release|Any CPU.ActiveCfg = Release|Any CPU
		{CA7B20D7-45ED-427A-B243-10A745525357}.Release|Any CPU.Build.0 = Release|Any CPU
		{0B1F958C-3C97-42E6-AFD7-1A3AA8855641}.Debug|Any CPU.ActiveCfg = Debug|Any CPU
		{0B1F958C-3C97-42E6-AFD7-1A3AA8855641}.Debug|Any CPU.Build.0 = Debug|Any CPU
		{0B1F958C-3C97-42E6-AFD7-1A3AA8855641}.Release|Any CPU.ActiveCfg = Release|Any CPU
		{0B1F958C-3C97-42E6-AFD7-1A3AA8855641}.Release|Any CPU.Build.0 = Release|Any CPU
		{4E1DA2BE-189A-4BEA-A566-2851C3EA5D0A}.Debug|Any CPU.ActiveCfg = Debug|Any CPU
		{4E1DA2BE-189A-4BEA-A566-2851C3EA5D0A}.Debug|Any CPU.Build.0 = Debug|Any CPU
		{4E1DA2BE-189A-4BEA-A566-2851C3EA5D0A}.Release|Any CPU.ActiveCfg = Release|Any CPU
		{4E1DA2BE-189A-4BEA-A566-2851C3EA5D0A}.Release|Any CPU.Build.0 = Release|Any CPU
		{078347D4-71EC-44D2-9C5E-F5EA77DEDE21}.Debug|Any CPU.ActiveCfg = Debug|Any CPU
		{078347D4-71EC-44D2-9C5E-F5EA77DEDE21}.Debug|Any CPU.Build.0 = Debug|Any CPU
		{078347D4-71EC-44D2-9C5E-F5EA77DEDE21}.Release|Any CPU.ActiveCfg = Release|Any CPU
		{078347D4-71EC-44D2-9C5E-F5EA77DEDE21}.Release|Any CPU.Build.0 = Release|Any CPU
		{909FB906-877C-4A05-BD26-585C744EEE24}.Debug|Any CPU.ActiveCfg = Debug|Any CPU
		{909FB906-877C-4A05-BD26-585C744EEE24}.Debug|Any CPU.Build.0 = Debug|Any CPU
		{909FB906-877C-4A05-BD26-585C744EEE24}.Release|Any CPU.ActiveCfg = Release|Any CPU
		{909FB906-877C-4A05-BD26-585C744EEE24}.Release|Any CPU.Build.0 = Release|Any CPU
	EndGlobalSection
	GlobalSection(SolutionProperties) = preSolution
		HideSolutionNode = FALSE
	EndGlobalSection
	GlobalSection(ExtensibilityGlobals) = postSolution
		SolutionGuid = {10F2075C-6BEA-41E8-9D8D-1F5122B54132}
	EndGlobalSection
EndGlobal
